
Microsoft Visual Studio Solution File, Format Version 12.00
# Visual Studio Version 17
VisualStudioVersion = 17.4.33110.190
MinimumVisualStudioVersion = 10.0.40219.1
Project("{9A19103F-16F7-4668-BE54-9A1E7A4F7556}") = "HMO-backend", "HMO-backend\HMO-backend.csproj", "{37DFB4E9-D576-4D59-8A66-DBE568EE903D}"
EndProject
Project("{9A19103F-16F7-4668-BE54-9A1E7A4F7556}") = "Services", "Services\Services.csproj", "{B979312D-818C-410C-8B28-C15329AE9ADB}"
EndProject
Project("{9A19103F-16F7-4668-BE54-9A1E7A4F7556}") = "Entities", "Entities\Entities.csproj", "{7007F20B-E276-4AD0-A560-2E95233E4FA6}"
EndProject
Project("{9A19103F-16F7-4668-BE54-9A1E7A4F7556}") = "Repository", "Repository\Repository.csproj", "{E0E18A70-DDAE-4F5A-BA59-17FC02AB716F}"
EndProject
Project("{FAE04EC0-301F-11D3-BF4B-00C04F79EFBC}") = "DTO", "DTO\DTO.csproj", "{98401C43-D3AE-4879-92C7-80931F905BB5}"
EndProject
Global
	GlobalSection(SolutionConfigurationPlatforms) = preSolution
		Debug|Any CPU = Debug|Any CPU
		Release|Any CPU = Release|Any CPU
	EndGlobalSection
	GlobalSection(ProjectConfigurationPlatforms) = postSolution
		{37DFB4E9-D576-4D59-8A66-DBE568EE903D}.Debug|Any CPU.ActiveCfg = Debug|Any CPU
		{37DFB4E9-D576-4D59-8A66-DBE568EE903D}.Debug|Any CPU.Build.0 = Debug|Any CPU
		{37DFB4E9-D576-4D59-8A66-DBE568EE903D}.Release|Any CPU.ActiveCfg = Release|Any CPU
		{37DFB4E9-D576-4D59-8A66-DBE568EE903D}.Release|Any CPU.Build.0 = Release|Any CPU
		{B979312D-818C-410C-8B28-C15329AE9ADB}.Debug|Any CPU.ActiveCfg = Debug|Any CPU
		{B979312D-818C-410C-8B28-C15329AE9ADB}.Debug|Any CPU.Build.0 = Debug|Any CPU
		{B979312D-818C-410C-8B28-C15329AE9ADB}.Release|Any CPU.ActiveCfg = Release|Any CPU
		{B979312D-818C-410C-8B28-C15329AE9ADB}.Release|Any CPU.Build.0 = Release|Any CPU
		{7007F20B-E276-4AD0-A560-2E95233E4FA6}.Debug|Any CPU.ActiveCfg = Debug|Any CPU
		{7007F20B-E276-4AD0-A560-2E95233E4FA6}.Debug|Any CPU.Build.0 = Debug|Any CPU
		{7007F20B-E276-4AD0-A560-2E95233E4FA6}.Release|Any CPU.ActiveCfg = Release|Any CPU
		{7007F20B-E276-4AD0-A560-2E95233E4FA6}.Release|Any CPU.Build.0 = Release|Any CPU
		{E0E18A70-DDAE-4F5A-BA59-17FC02AB716F}.Debug|Any CPU.ActiveCfg = Debug|Any CPU
		{E0E18A70-DDAE-4F5A-BA59-17FC02AB716F}.Debug|Any CPU.Build.0 = Debug|Any CPU
		{E0E18A70-DDAE-4F5A-BA59-17FC02AB716F}.Release|Any CPU.ActiveCfg = Release|Any CPU
		{E0E18A70-DDAE-4F5A-BA59-17FC02AB716F}.Release|Any CPU.Build.0 = Release|Any CPU
		{98401C43-D3AE-4879-92C7-80931F905BB5}.Debug|Any CPU.ActiveCfg = Debug|Any CPU
		{98401C43-D3AE-4879-92C7-80931F905BB5}.Debug|Any CPU.Build.0 = Debug|Any CPU
		{98401C43-D3AE-4879-92C7-80931F905BB5}.Release|Any CPU.ActiveCfg = Release|Any CPU
		{98401C43-D3AE-4879-92C7-80931F905BB5}.Release|Any CPU.Build.0 = Release|Any CPU
	EndGlobalSection
	GlobalSection(SolutionProperties) = preSolution
		HideSolutionNode = FALSE
	EndGlobalSection
	GlobalSection(ExtensibilityGlobals) = postSolution
		SolutionGuid = {7831BFEA-1AD8-4190-A5BA-6E8A07A5ADC1}
	EndGlobalSection
EndGlobal
